
Microsoft Visual Studio Solution File, Format Version 12.00
# Visual Studio Version 17
VisualStudioVersion = 17.2.32630.192
MinimumVisualStudioVersion = 10.0.40219.1
Project("{9A19103F-16F7-4668-BE54-9A1E7A4F7556}") = "Bakery-RazorPage", "Bakery(RazorPage)\Bakery-RazorPage.csproj", "{33A7CBDA-E671-47E5-B7ED-67D581E178B3}"
EndProject
Global
	GlobalSection(SolutionConfigurationPlatforms) = preSolution
		Debug|Any CPU = Debug|Any CPU
		Release|Any CPU = Release|Any CPU
	EndGlobalSection
	GlobalSection(ProjectConfigurationPlatforms) = postSolution
		{33A7CBDA-E671-47E5-B7ED-67D581E178B3}.Debug|Any CPU.ActiveCfg = Debug|Any CPU
		{33A7CBDA-E671-47E5-B7ED-67D581E178B3}.Debug|Any CPU.Build.0 = Debug|Any CPU
		{33A7CBDA-E671-47E5-B7ED-67D581E178B3}.Release|Any CPU.ActiveCfg = Release|Any CPU
		{33A7CBDA-E671-47E5-B7ED-67D581E178B3}.Release|Any CPU.Build.0 = Release|Any CPU
	EndGlobalSection
	GlobalSection(SolutionProperties) = preSolution
		HideSolutionNode = FALSE
	EndGlobalSection
	GlobalSection(ExtensibilityGlobals) = postSolution
		SolutionGuid = {BA2CBCC0-BFBA-4B9E-BF05-A3517295CB63}
	EndGlobalSection
EndGlobal
